
Microsoft Visual Studio Solution File, Format Version 12.00
# Visual Studio Version 17
VisualStudioVersion = 17.5.33502.453
MinimumVisualStudioVersion = 10.0.40219.1
Project("{FAE04EC0-301F-11D3-BF4B-00C04F79EFBC}") = "queue_implement", "queue_implement\queue_implement.csproj", "{C069654C-244E-4818-AE63-E47512B60281}"
EndProject
Global
	GlobalSection(SolutionConfigurationPlatforms) = preSolution
		Debug|Any CPU = Debug|Any CPU
		Release|Any CPU = Release|Any CPU
	EndGlobalSection
	GlobalSection(ProjectConfigurationPlatforms) = postSolution
		{C069654C-244E-4818-AE63-E47512B60281}.Debug|Any CPU.ActiveCfg = Debug|Any CPU
		{C069654C-244E-4818-AE63-E47512B60281}.Debug|Any CPU.Build.0 = Debug|Any CPU
		{C069654C-244E-4818-AE63-E47512B60281}.Release|Any CPU.ActiveCfg = Release|Any CPU
		{C069654C-244E-4818-AE63-E47512B60281}.Release|Any CPU.Build.0 = Release|Any CPU
	EndGlobalSection
	GlobalSection(SolutionProperties) = preSolution
		HideSolutionNode = FALSE
	EndGlobalSection
	GlobalSection(ExtensibilityGlobals) = postSolution
		SolutionGuid = {AC30E3FE-9C5A-4D07-8D83-9D0019D7C9AC}
	EndGlobalSection
EndGlobal
